
Microsoft Visual Studio Solution File, Format Version 12.00
# Visual Studio 15
VisualStudioVersion = 15.0.26228.4
MinimumVisualStudioVersion = 10.0.40219.1
Project("{FAE04EC0-301F-11D3-BF4B-00C04F79EFBC}") = "Bowling", "Bowling\Bowling.csproj", "{A1C4BB77-F6BA-43FE-8632-F58D487E486A}"
EndProject
Project("{FAE04EC0-301F-11D3-BF4B-00C04F79EFBC}") = "Bowling.UnitTests", "Bowling.UnitTests\Bowling.UnitTests.csproj", "{0833042C-8DF8-4856-85D9-1C3972083C61}"
EndProject
Global
	GlobalSection(SolutionConfigurationPlatforms) = preSolution
		Debug|Any CPU = Debug|Any CPU
		Release|Any CPU = Release|Any CPU
	EndGlobalSection
	GlobalSection(ProjectConfigurationPlatforms) = postSolution
		{A1C4BB77-F6BA-43FE-8632-F58D487E486A}.Debug|Any CPU.ActiveCfg = Debug|Any CPU
		{A1C4BB77-F6BA-43FE-8632-F58D487E486A}.Debug|Any CPU.Build.0 = Debug|Any CPU
		{A1C4BB77-F6BA-43FE-8632-F58D487E486A}.Release|Any CPU.ActiveCfg = Release|Any CPU
		{A1C4BB77-F6BA-43FE-8632-F58D487E486A}.Release|Any CPU.Build.0 = Release|Any CPU
		{0833042C-8DF8-4856-85D9-1C3972083C61}.Debug|Any CPU.ActiveCfg = Debug|Any CPU
		{0833042C-8DF8-4856-85D9-1C3972083C61}.Debug|Any CPU.Build.0 = Debug|Any CPU
		{0833042C-8DF8-4856-85D9-1C3972083C61}.Release|Any CPU.ActiveCfg = Release|Any CPU
		{0833042C-8DF8-4856-85D9-1C3972083C61}.Release|Any CPU.Build.0 = Release|Any CPU
	EndGlobalSection
	GlobalSection(SolutionProperties) = preSolution
		HideSolutionNode = FALSE
	EndGlobalSection
EndGlobal
