
Microsoft Visual Studio Solution File, Format Version 12.00
# Visual Studio 15
VisualStudioVersion = 15.0.26730.3
MinimumVisualStudioVersion = 10.0.40219.1
Project("{FAE04EC0-301F-11D3-BF4B-00C04F79EFBC}") = "LeapYears", "LeapYears\LeapYears.csproj", "{E8E02159-514C-4383-AD6A-007F97072C2D}"
EndProject
Project("{FAE04EC0-301F-11D3-BF4B-00C04F79EFBC}") = "LeapYears.UnitTests", "LeapYears.UnitTests\LeapYears.UnitTests.csproj", "{24D9A4AC-9174-4856-A6E9-D847039F0DB6}"
EndProject
Global
	GlobalSection(SolutionConfigurationPlatforms) = preSolution
		Debug|Any CPU = Debug|Any CPU
		Release|Any CPU = Release|Any CPU
	EndGlobalSection
	GlobalSection(ProjectConfigurationPlatforms) = postSolution
		{E8E02159-514C-4383-AD6A-007F97072C2D}.Debug|Any CPU.ActiveCfg = Debug|Any CPU
		{E8E02159-514C-4383-AD6A-007F97072C2D}.Debug|Any CPU.Build.0 = Debug|Any CPU
		{E8E02159-514C-4383-AD6A-007F97072C2D}.Release|Any CPU.ActiveCfg = Release|Any CPU
		{E8E02159-514C-4383-AD6A-007F97072C2D}.Release|Any CPU.Build.0 = Release|Any CPU
		{24D9A4AC-9174-4856-A6E9-D847039F0DB6}.Debug|Any CPU.ActiveCfg = Debug|Any CPU
		{24D9A4AC-9174-4856-A6E9-D847039F0DB6}.Debug|Any CPU.Build.0 = Debug|Any CPU
		{24D9A4AC-9174-4856-A6E9-D847039F0DB6}.Release|Any CPU.ActiveCfg = Release|Any CPU
		{24D9A4AC-9174-4856-A6E9-D847039F0DB6}.Release|Any CPU.Build.0 = Release|Any CPU
	EndGlobalSection
	GlobalSection(SolutionProperties) = preSolution
		HideSolutionNode = FALSE
	EndGlobalSection
	GlobalSection(ExtensibilityGlobals) = postSolution
		SolutionGuid = {E309EF93-F284-4B7A-BA4F-677D855FF310}
	EndGlobalSection
EndGlobal
